cloud.google.com/go v0.104.0 h1:gSmWO7DY1vOm0MVU6DNXM11BWHHsTUmsC5cv1fuW5X8=
cloud.google.com/go/compute v1.7.0 h1:v/k9Eueb8aAJ0vZuxKMrgm6kPhCLZU9HxFU+AFDs9Uk=
cloud.google.com/go/iam v0.3.0 h1:exkAomrVUuzx9kWFI1wm3KI0uoDeUFPB4kKGzx6x+Gc=
cloud.google.com/go/storage v1.27.0 h1:YOO045NZI9RKfCj1c5A/ZtuuENUc8OAW+gHdGnDgyMQ=
github.com/BurntSushi/toml v1.2.1 h1:9F2/+DoOYIOksmaJFPw1tGFy1eDnIJXg+UHjuD8lTak=
github.com/BurntSushi/toml v1.2.1/go.mod h1:CxXYINrC8qIiEnFrOxCa7Jy5BFHlXnUU2pbicEuybxQ=
github.com/antlr/antlr4/runtime/Go/antlr/v4 v4.0.0-20220911224424-aa1f1f12a846 h1:et5J11AOyUn9qwkIAF9kcxTxjTO8Z9oSmlOqH7MVSPo=
github.com/antlr/antlr4/runtime/Go/antlr/v4 v4.0.0-20220911224424-aa1f1f12a846/go.mod h1:pSwJ0fSY5KhvocuWSx4fz3BA8OrA1bQn+K1Eli3BRwM=
github.com/aws/aws-sdk-go v1.44.109 h1:+Na5JPeS0kiEHoBp5Umcuuf+IDqXqD0lXnM920E31YI=
github.com/blang/semver v3.5.1+incompatible h1:cQNTCjp13qL8KC3Nbxr/y2Bqb63oX6wdnnjpJbkM4JQ=
github.com/blang/semver v3.5.1+incompatible/go.mod h1:kRBLl5iJ+tD4TcOOxsy/0fnwebNt5EWlYSAyrTnjyyk=
github.com/davecgh/go-spew v1.1.0/go.mod h1:J7Y8YcW2NihsgmVo/mv3lAwl/skON4iLHjSsI+c5H38=
github.com/davecgh/go-spew v1.1.1 h1:vj9j/u1bqnvCEfJOwUhtlOARqs3+rkHYY13jYWTU97c=
github.com/davecgh/go-spew v1.1.1/go.mod h1:J7Y8YcW2NihsgmVo/mv3lAwl/skON4iLHjSsI+c5H38=
github.com/go-logr/logr v1.2.3 h1:2DntVwHkVopvECVRSlL5PSo9eG+cAkDCuckLubN+rq0=
github.com/go-logr/logr v1.2.3/go.mod h1:jdQByPbusPIv2/zmleS9BjJVeZ6kBagPoEUsqbVz/1A=
github.com/golang/groupcache v0.0.0-20210331224755-41bb18bfe9da h1:oI5xCqsCo564l8iNU+DwB5epxmsaqB+rhGL0m5jtYqE=
github.com/golang/mock v1.6.0 h1:ErTB+efbowRARo13NNdxyJji2egdxLGQhRaY+DUumQc=
github.com/golang/protobuf v1.5.2 h1:ROPKBNFfQgOUMifHyP+KYbvpjbdoFNs+aK7DXlji0Tw=
github.com/google/go-cmp v0.5.9 h1:O2Tfq5qg4qc4AmwVlvv0oLiVAGB7enBSJ2x2DqQFi38=
github.com/google/go-cmp v0.5.9/go.mod h1:17dUlkBOakJ0+DkrSSNjCkIjxS6bF9zb3elmeNGIjoY=
github.com/google/uuid v1.3.0 h1:t6JiXgmwXMjEs8VusXIJk2BXHsn+wx8BZdTaoZ5fu7I=
github.com/googleapis/enterprise-certificate-proxy v0.1.0 h1:zO8WHNx/MYiAKJ3d5spxZXZE6KHmIQGQcAzwUzV7qQw=
github.com/googleapis/gax-go/v2 v2.5.1 h1:kBRZU0PSuI7PspsSb/ChWoVResUcwNVIdpB049pKTiw=
github.com/jmespath/go-jmespath v0.4.0 h1:BEgLn5cpjn8UN1mAw4NjwDrS35OdebyEtFe+9YPoQUg=
github.com/nikunjy/rules v1.0.1-0.20220920033320-71e8e569642c h1:984E5FSs5smzVlxNcl9t9s8xgkrdXPgmLlpLoaK3/zI=
github.com/nikunjy/rules v1.0.1-0.20220920033320-71e8e569642c/go.mod h1:Up4dDdLmEJoIttEZll8NtFuo6EmFrMxAwF0VRLcdlLU=
github.com/nikunjy/rules v1.2.0 h1:5BhojNDpsHLgFlvVRT8e9wKIPcWehUf4nf+cOKlrRxc=
github.com/nikunjy/rules v1.2.0/go.mod h1:Up4dDdLmEJoIttEZll8NtFuo6EmFrMxAwF0VRLcdlLU=
github.com/open-feature/go-sdk v1.0.1 h1:gT2rUJxmqO4jh1CYGPBfyEySi9woXsP9B773y8Y/iAo=
github.com/open-feature/go-sdk v1.0.1/go.mod h1:Ub7Bu2yjBFieDMQJZXoOV+x6Mhn9pudxG1CR7zsHBUg=
github.com/open-feature/go-sdk v1.1.0 h1:JOOa0AleJFUvnWoF9KWdLqYosi5fDIRBDzPYZPr5qgM=
github.com/open-feature/go-sdk v1.1.0/go.mod h1:R8QJmLdSHFaRdrWtwmp5bVK35Q+O/cEGtYaiy6NM6kc=
github.com/pelletier/go-toml v1.9.5 h1:4yBQzkHv+7BHq2PQUZF3Mx0IYxG7LsP222s7Agd3ve8=
github.com/pelletier/go-toml v1.9.5/go.mod h1:u1nR/EPcESfeI/szUZKdtJ0xRNbUoANCkoOuaOx1Y+c=
github.com/pmezard/go-difflib v1.0.0 h1:4DBwDE0NGyQoBHbLQYPwSUPoCMWR5BEzIk/f1lZbAQM=
github.com/pmezard/go-difflib v1.0.0/go.mod h1:iKH77koFhYxTK1pcRnkKkqfTogsbg7gZNVY4sRDYZ/4=
github.com/stretchr/objx v0.1.0/go.mod h1:HFkY916IF+rwdDfMAkV7OtwuqBVzrE8GR6GFx+wExME=
github.com/stretchr/objx v0.4.0/go.mod h1:YvHI0jy2hoMjB+UWwv71VJQ9isScKT/TqJzVSSt89Yw=
github.com/stretchr/objx v0.5.0/go.mod h1:Yh+to48EsGEfYuaHDzXPcE3xhTkx73EhmCGUpEOglKo=
github.com/stretchr/testify v1.7.1/go.mod h1:6Fq8oRcR53rry900zMqJjRRixrwX3KX962/h/Wwjteg=
github.com/stretchr/testify v1.8.0/go.mod h1:yNjHg4UonilssWZ8iaSj1OCr/vHnekPRkoO+kdMU+MU=
github.com/stretchr/testify v1.8.1 h1:w7B6lhMri9wdJUVmEZPGGhZzrYTPvgJArz7wNPgYKsk=
github.com/stretchr/testify v1.8.1/go.mod h1:w2LPCIKwWwSfY2zedu0+kehJoqGctiVI29o6fzry7u4=
github.com/thomaspoignant/go-feature-flag v0.28.1 h1:JbMAjyCLLAKXWzlScd2lu3/zuJ0nC0TEQh4gXVp2Gug=
github.com/thomaspoignant/go-feature-flag v0.28.1/go.mod h1:MXobTPVseHQ5O1CbICuDE2JWulOn5JjL5SGdPjHKIKI=
github.com/thomaspoignant/go-feature-flag v0.28.2 h1:+NGD3K6w6gnJZgREW+jseLWkawttbEQrPxEBJNUa8pM=
github.com/thomaspoignant/go-feature-flag v0.28.2/go.mod h1:gM5Ur7YW6262Sp+ICkB0IlpMjNKmQmC6KvjzmwPv/nE=
github.com/thomaspoignant/go-feature-flag v1.0.0 h1:yy1I+o59iIU81zHO37E9YXOhCL8lx3XIRORbBrEKJ3I=
github.com/thomaspoignant/go-feature-flag v1.0.0/go.mod h1:7EVzKjQf+EdXmHGOUyhxwiVK1AXXWNYYPM/tezXEI6g=
github.com/thomaspoignant/go-feature-flag v1.2.2 h1:fidB8dhaHLmp0KewKjPSmffw96Uy3tL9Jnv+YJLIgxU=
github.com/thomaspoignant/go-feature-flag v1.2.2/go.mod h1:pnjxCLJsloFbMZkN3ZTatT+yET1kLtNpWYPKJ+W7XTE=
go.opencensus.io v0.23.0 h1:gqCw0LfLxScz8irSi8exQc7fyQ0fKQU/qnC/X8+V/1M=
golang.org/x/exp v0.0.0-20220722155223-a9213eeb770e h1:+WEEuIdZHnUeJJmEUjyYC2gfUMj69yZXw17EnHg/otA=
golang.org/x/exp v0.0.0-20220722155223-a9213eeb770e/go.mod h1:Kr81I6Kryrl9sr8s2FK3vxD90NdsKWRuOIl2O4CvYbA=
golang.org/x/net v0.0.0-20221004154528-8021a29435af h1:wv66FM3rLZGPdxpYL+ApnDe2HzHcTFta3z5nsc13wI4=
golang.org/x/oauth2 v0.0.0-20220909003341-f21342109be1 h1:lxqLZaMad/dJHMFZH0NiNpiEZI/nhgWhe4wgzpE+MuA=
golang.org/x/sys v0.0.0-20220928140112-f11e5e49a4ec h1:BkDtF2Ih9xZ7le9ndzTA7KJow28VbQW3odyk/8drmuI=
golang.org/x/text v0.3.7 h1:olpwvP2KacW1ZWvsR7uQhoyTYvKAupfQrRGBFM352Gk=
golang.org/x/xerrors v0.0.0-20220609144429-65e65417b02f h1:uF6paiQQebLeSXkrTqHqz0MXhXXS1KgF41eUdBNvxK0=
google.golang.org/api v0.98.0 h1:yxZrcxXESimy6r6mdL5Q6EnZwmewDJK2dVg3g75s5Dg=
google.golang.org/appengine v1.6.7 h1:FZR1q0exgwxzPzp/aF+VccGrSfxfPpkBqjIIEq3ru6c=
google.golang.org/genproto v0.0.0-20220930163606-c98284e70a91 h1:Ezh2cpcnP5Rq60sLensUsFnxh7P6513NLvNtCm9iyJ4=
google.golang.org/grpc v1.49.0 h1:WTLtQzmQori5FUH25Pq4WT22oCsv8USpQ+F6rqtsmxw=
google.golang.org/protobuf v1.28.1 h1:d0NfwRgPtno5B1Wa6L2DAG+KivqkdutMf1UhdNx175w=
gopkg.in/check.v1 v0.0.0-20161208181325-20d25e280405 h1:yhCVgyC4o1eVCa2tZl7eS0r+SDo693bJlVdllGtEeKM=
gopkg.in/check.v1 v0.0.0-20161208181325-20d25e280405/go.mod h1:Co6ibVJAznAaIkqp8huTwlJQCZ016jof/cbN4VW5Yz0=
gopkg.in/yaml.v3 v3.0.0-20200313102051-9f266ea9e77c/go.mod h1:K4uyk7z7BCEPqu6E+C64Yfv1cQ7kz7rIZviUmN+EgEM=
gopkg.in/yaml.v3 v3.0.1 h1:fxVm/GzAzEWqLHuvctI91KS9hhNmmWOoWu0XTYJS7CA=
gopkg.in/yaml.v3 v3.0.1/go.mod h1:K4uyk7z7BCEPqu6E+C64Yfv1cQ7kz7rIZviUmN+EgEM=
