github.com/go-logr/logr v1.4.3 h1:CjnDlHq8ikf6E492q6eKboGOC0T8CDaOvkHCIg8idEI=
github.com/go-logr/logr v1.4.3/go.mod h1:9T104GzyrTigFIr8wt5mBrctHMim0Nb2HLGrmQ40KvY=
github.com/open-feature/go-sdk v1.15.0 h1:FEZl4kCH6H2drhnQ0dheDBxLvwwzO7zvzdUl8zzZLX4=
github.com/open-feature/go-sdk v1.15.0/go.mod h1:LkqPL/17XMGcRvTdk1qqwSSG1ICe/D2MQP0blDaXfh0=
github.com/open-feature/go-sdk v1.15.1 h1:TC3FtHtOKlGlIbSf3SEpxXVhgTd/bCbuc39XHIyltkw=
github.com/open-feature/go-sdk v1.15.1/go.mod h1:2WAFYzt8rLYavcubpCoiym3iSCXiHdPB6DxtMkv2wyo=
github.com/open-feature/go-sdk v1.16.0 h1:5NCHYv5slvNBIZhYXAzAufo0OI59OACZ5tczVqSE+Tg=
github.com/open-feature/go-sdk v1.16.0/go.mod h1:EIF40QcoYT1VbQkMPy2ZJH4kvZeY+qGUXAorzSWgKSo=
go.uber.org/mock v0.5.2 h1:LbtPTcP8A5k9WPXj54PPPbjcI4Y6lhyOZXn+VS7wNko=
go.uber.org/mock v0.5.2/go.mod h1:wLlUxC2vVTPTaE3UD51E0BGOAElKrILxhVSDYQLld5o=
go.uber.org/mock v0.6.0 h1:hyF9dfmbgIX5EfOdasqLsWD6xqpNZlXblLB/Dbnwv3Y=
go.uber.org/mock v0.6.0/go.mod h1:KiVJ4BqZJaMj4svdfmHM0AUx4NJYO8ZNpPnZn1Z+BBU=
golang.org/x/text v0.25.0 h1:qVyWApTSYLk/drJRO5mDlNYskwQznZmkpV2c8q9zls4=
golang.org/x/text v0.25.0/go.mod h1:WEdwpYrmk1qmdHvhkSTNPm3app7v4rsT8F2UD6+VHIA=
