github.com/open-feature/go-sdk v0.4.0 h1:4MC58EBEqsZRPrBfjywTEZXlgiD7lFQVSz0XIJQIRLM=
github.com/open-feature/go-sdk v0.4.0/go.mod h1:rLTOsXIC5wJ/5iVZ0LOTz3/ahJmzxhzWcJTS81AaSqM=
github.com/open-feature/go-sdk v0.0.0-20220823155625-745a58b85574 h1:lm+7qW88M3/ysu07QJCca2Dei8medeZi/Zspu2VcCuM=
github.com/open-feature/go-sdk v0.0.0-20220823155625-745a58b85574/go.mod h1:h/XkTu6cvpYQ1Mhw2Hs1c93duGgp4c+MbwTKFu16BGM=
