github.com/go-logr/logr v1.2.3 h1:2DntVwHkVopvECVRSlL5PSo9eG+cAkDCuckLubN+rq0=
github.com/go-logr/logr v1.2.3/go.mod h1:jdQByPbusPIv2/zmleS9BjJVeZ6kBagPoEUsqbVz/1A=
github.com/golang/mock v1.6.0 h1:ErTB+efbowRARo13NNdxyJji2egdxLGQhRaY+DUumQc=
github.com/open-feature/go-sdk v1.0.0 h1:JHZogkaccRFxpCY7gskBqjgQjd7YdyedBZmH7ZY82C0=
github.com/open-feature/go-sdk v1.0.0/go.mod h1:Ub7Bu2yjBFieDMQJZXoOV+x6Mhn9pudxG1CR7zsHBUg=
github.com/open-feature/go-sdk v1.0.1 h1:gT2rUJxmqO4jh1CYGPBfyEySi9woXsP9B773y8Y/iAo=
github.com/open-feature/go-sdk v1.0.1/go.mod h1:Ub7Bu2yjBFieDMQJZXoOV+x6Mhn9pudxG1CR7zsHBUg=
golang.org/x/text v0.3.7 h1:olpwvP2KacW1ZWvsR7uQhoyTYvKAupfQrRGBFM352Gk=
