github.com/go-logr/logr v1.4.1 h1:pKouT5E8xu9zeFC39JXRDukb6JFQPXM5p5I91188VAQ=
github.com/go-logr/logr v1.4.1/go.mod h1:9T104GzyrTigFIr8wt5mBrctHMim0Nb2HLGrmQ40KvY=
github.com/golang/mock v1.6.0 h1:ErTB+efbowRARo13NNdxyJji2egdxLGQhRaY+DUumQc=
github.com/golang/mock v1.6.0/go.mod h1:p6yTPP+5HYm5mzsMV8JkE6ZKdX+/wYM6Hr+LicevLPs=
github.com/open-feature/go-sdk v1.10.0 h1:druQtYOrN+gyz3rMsXp0F2jW1oBXJb0V26PVQnUGLbM=
github.com/open-feature/go-sdk v1.10.0/go.mod h1:+rkJhLBtYsJ5PZNddAgFILhRAAxwrJ32aU7UEUm4zQI=
github.com/open-feature/go-sdk v1.11.0 h1:4cp9rXl16ZvlMCef7O+I3vQSXae8DzAF0SfV9mvYInw=
github.com/open-feature/go-sdk v1.11.0/go.mod h1:+rkJhLBtYsJ5PZNddAgFILhRAAxwrJ32aU7UEUm4zQI=
golang.org/x/exp v0.0.0-20240205201215-2c58cdc269a3 h1:/RIbNt/Zr7rVhIkQhooTxCxFcdWLGIKnZA4IXNFSrvo=
golang.org/x/exp v0.0.0-20240205201215-2c58cdc269a3/go.mod h1:idGWGoKP1toJGkd5/ig9ZLuPcZBC3ewk7SzmH0uou08=
golang.org/x/text v0.14.0 h1:ScX5w1eTa3QqT8oi6+ziP7dTV1S2+ALU0bI+0zXKWiQ=
golang.org/x/text v0.14.0/go.mod h1:18ZOQIKpY8NJVqYksKHtTdi31H5itFRjB5/qKTNYzSU=
