buf.build/gen/go/open-feature/flagd/connectrpc/go v1.19.1-20250529171031-ebdc14163473.2 h1:kYH55k+r/+FUSnxaeNJvZxqjssJLCtM55J9q30+PEwQ=
buf.build/gen/go/open-feature/flagd/connectrpc/go v1.19.1-20250529171031-ebdc14163473.2/go.mod h1:gN8ZR0qcx6dfmz0ag1Ri9DJD0pmZryuya7tfB44lIbM=
buf.build/gen/go/open-feature/flagd/grpc/go v1.5.1-20250529171031-ebdc14163473.2 h1:TZ+7u106u7C7lgNctxG03ABliF46eLhcIZG5Mdo67/E=
buf.build/gen/go/open-feature/flagd/grpc/go v1.5.1-20250529171031-ebdc14163473.2/go.mod h1:4u0WLwfkLob3dC/F8qNctqhtiEv2Mlyi8YgCDDzgYDs=
buf.build/gen/go/open-feature/flagd/protocolbuffers/go v1.36.10-20250529171031-ebdc14163473.1 h1:SzP4o/WT6ZixDnkGe0yOby8i7h3sc09leaNiThfG72M=
buf.build/gen/go/open-feature/flagd/protocolbuffers/go v1.36.10-20250529171031-ebdc14163473.1/go.mod h1:6wFeJ/PLlM08dWYenaUvkA10W7RyMihs/0UlTBhUmvo=
connectrpc.com/connect v1.19.1 h1:R5M57z05+90EfEvCY1b7hBxDVOUl45PrtXtAV2fOC14=
connectrpc.com/connect v1.19.1/go.mod h1:tN20fjdGlewnSFeZxLKb0xwIZ6ozc3OQs2hTXy4du9w=
connectrpc.com/otelconnect v0.8.0 h1:a4qrN4H8aEE2jAoCxheZYYfEjXMgVPyL9OzPQLBEFXU=
connectrpc.com/otelconnect v0.8.0/go.mod h1:AEkVLjCPXra+ObGFCOClcJkNjS7zPaQSqvO0lCyjfZc=
github.com/barkimedes/go-deepcopy v0.0.0-20220514131651-17c30cfc62df h1:GSoSVRLoBaFpOOds6QyY1L8AX7uoY+Ln3BHc22W40X0=
github.com/barkimedes/go-deepcopy v0.0.0-20220514131651-17c30cfc62df/go.mod h1:hiVxq5OP2bUGBRNS3Z/bt/reCLFNbdcST6gISi1fiOM=
github.com/davecgh/go-spew v1.1.0/go.mod h1:J7Y8YcW2NihsgmVo/mv3lAwl/skON4iLHjSsI+c5H38=
github.com/davecgh/go-spew v1.1.2-0.20180830191138-d8f796af33cc h1:U9qPSI2PIWSS1VwoXQT9A3Wy9MM3WgvqSxFWenqJduM=
github.com/davecgh/go-spew v1.1.2-0.20180830191138-d8f796af33cc/go.mod h1:J7Y8YcW2NihsgmVo/mv3lAwl/skON4iLHjSsI+c5H38=
github.com/diegoholiveira/jsonlogic/v3 v3.8.6 h1:NAjETJwKyYC3COHaCRwX8oVljA9+uhUZMgWpQtruE6Q=
github.com/diegoholiveira/jsonlogic/v3 v3.8.6/go.mod h1:OYRb6FSTVmMM+MNQ7ElmMsczyNSepw+OU4Z8emDSi4w=
github.com/fsnotify/fsnotify v1.9.0 h1:2Ml+OJNzbYCTzsxtv8vKSFD9PbJjmhYF14k/jKC7S9k=
github.com/fsnotify/fsnotify v1.9.0/go.mod h1:8jBTzvmWwFyi3Pb8djgCCO5IBqzKJ/Jwo8TRcHyHii0=
github.com/go-logr/logr v1.2.2/go.mod h1:jdQByPbusPIv2/zmleS9BjJVeZ6kBagPoEUsqbVz/1A=
github.com/go-logr/logr v1.4.3 h1:CjnDlHq8ikf6E492q6eKboGOC0T8CDaOvkHCIg8idEI=
github.com/go-logr/logr v1.4.3/go.mod h1:9T104GzyrTigFIr8wt5mBrctHMim0Nb2HLGrmQ40KvY=
github.com/go-logr/stdr v1.2.2 h1:hSWxHoqTgW2S2qGc0LTAI563KZ5YKYRhT3MFKZMbjag=
github.com/go-logr/stdr v1.2.2/go.mod h1:mMo/vtBO5dYbehREoey6XUKy/eSumjCCveDpRre4VKE=
github.com/golang/protobuf v1.5.4 h1:i7eJL8qZTpSEXOPTxNKhASYpMn+8e5Q6AdndVa1dWek=
github.com/golang/protobuf v1.5.4/go.mod h1:lnTiLA8Wa4RWRcIUkrtSVa5nRhsEGBg48fD6rSs7xps=
github.com/google/go-cmp v0.7.0 h1:wk8382ETsv4JYUZwIsn6YpYiWiBsYLSJiTsyBybVuN8=
github.com/google/go-cmp v0.7.0/go.mod h1:pXiqmnSA92OHEEa9HXL2W4E7lf9JzCmGVUdgjX3N/iU=
github.com/google/uuid v1.6.0 h1:NIvaJDMOsjHA8n1jAhLSgzrAzy1Hgr+hNrb57e+94F0=
github.com/google/uuid v1.6.0/go.mod h1:TIyPZe4MgqvfeYDBFedMoGGpEw/LqOeaOT+nhxU+yHo=
github.com/hashicorp/golang-lru/v2 v2.0.7 h1:a+bsQ5rvGLjzHuww6tVxozPZFVghXaHOwFs4luLUK2k=
github.com/hashicorp/golang-lru/v2 v2.0.7/go.mod h1:QeFd9opnmA6QUJc5vARoKUSoFhyfM2/ZepoAG6RGpeM=
github.com/klauspost/cpuid/v2 v2.3.0 h1:S4CRMLnYUhGeDFDqkGriYKdfoFlDnMtqTiI/sFzhA9Y=
github.com/klauspost/cpuid/v2 v2.3.0/go.mod h1:hqwkgyIinND0mEev00jJYCxPNVRVXFQeu1XKlok6oO0=
github.com/kr/pretty v0.3.1 h1:flRD4NNwYAUpkphVc1HcthR4KEIFJ65n8Mw5qdRn3LE=
github.com/kr/pretty v0.3.1/go.mod h1:hoEshYVHaxMs3cyo3Yncou5ZscifuDolrwPKZanG3xk=
github.com/kr/text v0.2.0 h1:5Nx0Ya0ZqY2ygV366QzturHI13Jq95ApcVaJBhpS+AY=
github.com/kr/text v0.2.0/go.mod h1:eLer722TekiGuMkidMxC/pM04lWEeraHUUmBw8l2grE=
github.com/open-feature/flagd-schemas v0.2.13 h1:LzoyQfirfpR8cxI4PKnoFRtpwPjpC/cOO8N0n8dpbRc=
github.com/open-feature/flagd-schemas v0.2.13/go.mod h1:C0jnJ4C3j2LzGuqKgLDdTsdfKEWQp6sOHZyxu3QohFU=
github.com/open-feature/flagd/core v0.12.1 h1:fCBenpE0/m/l1KiU6gjM59FUQPnqeuxnO9D4v3UDqu4=
github.com/open-feature/flagd/core v0.12.1/go.mod h1:3dNe+BX8HUpx/mXrGLD554G6cQB67yvuASVTKVC4TU4=
github.com/open-feature/go-sdk v1.16.0 h1:5NCHYv5slvNBIZhYXAzAufo0OI59OACZ5tczVqSE+Tg=
github.com/open-feature/go-sdk v1.16.0/go.mod h1:EIF40QcoYT1VbQkMPy2ZJH4kvZeY+qGUXAorzSWgKSo=
github.com/open-feature/go-sdk-contrib/providers/flagd v0.3.0 h1:WWOe6ym+lPWcc32FHyXCSEeSl/ghkl6mnOh+J9lwbo8=
github.com/open-feature/go-sdk-contrib/providers/flagd v0.3.0/go.mod h1:7qNKNDUWPtghLf8DguzobRL8D8pMsjnp657+/NTql9U=
github.com/pmezard/go-difflib v1.0.0/go.mod h1:iKH77koFhYxTK1pcRnkKkqfTogsbg7gZNVY4sRDYZ/4=
github.com/pmezard/go-difflib v1.0.1-0.20181226105442-5d4384ee4fb2 h1:Jamvg5psRIccs7FGNTlIRMkT8wgtp5eCXdBlqhYGL6U=
github.com/pmezard/go-difflib v1.0.1-0.20181226105442-5d4384ee4fb2/go.mod h1:iKH77koFhYxTK1pcRnkKkqfTogsbg7gZNVY4sRDYZ/4=
github.com/rogpeppe/go-internal v1.14.1 h1:UQB4HGPB6osV0SQTLymcB4TgvyWu6ZyliaW0tI/otEQ=
github.com/rogpeppe/go-internal v1.14.1/go.mod h1:MaRKkUm5W0goXpeCfT7UZI6fk/L7L7so1lCWt35ZSgc=
github.com/santhosh-tekuri/jsonschema/v6 v6.0.2 h1:KRzFb2m7YtdldCEkzs6KqmJw4nqEVZGK7IN2kJkjTuQ=
github.com/santhosh-tekuri/jsonschema/v6 v6.0.2/go.mod h1:JXeL+ps8p7/KNMjDQk3TCwPpBy0wYklyWTfbkIzdIFU=
github.com/stretchr/objx v0.1.0/go.mod h1:HFkY916IF+rwdDfMAkV7OtwuqBVzrE8GR6GFx+wExME=
github.com/stretchr/testify v1.3.0/go.mod h1:M5WIy9Dh21IEIfnGCwXGc5bZfKNJtfHm1UVUgZn+9EI=
github.com/stretchr/testify v1.11.1 h1:7s2iGBzp5EwR7/aIZr8ao5+dra3wiQyKjjFuvgVKu7U=
github.com/stretchr/testify v1.11.1/go.mod h1:wZwfW3scLgRK+23gO65QZefKpKQRnfz6sD981Nm4B6U=
github.com/twmb/murmur3 v1.1.8 h1:8Yt9taO/WN3l08xErzjeschgZU2QSrwm1kclYq+0aRg=
github.com/twmb/murmur3 v1.1.8/go.mod h1:Qq/R7NUyOfr65zD+6Q5IHKsJLwP7exErjN6lyyq3OSQ=
github.com/xeipuuv/gojsonpointer v0.0.0-20180127040702-4e3ac2762d5f/go.mod h1:N2zxlSyiKSe5eX1tZViRH5QA0qijqEDrYZiPEAiq3wU=
github.com/xeipuuv/gojsonpointer v0.0.0-20190905194746-02993c407bfb h1:zGWFAtiMcyryUHoUjUJX0/lt1H2+i2Ka2n+D3DImSNo=
github.com/xeipuuv/gojsonpointer v0.0.0-20190905194746-02993c407bfb/go.mod h1:N2zxlSyiKSe5eX1tZViRH5QA0qijqEDrYZiPEAiq3wU=
github.com/xeipuuv/gojsonreference v0.0.0-20180127040603-bd5ef7bd5415 h1:EzJWgHovont7NscjpAxXsDA8S8BMYve8Y5+7cuRE7R0=
github.com/xeipuuv/gojsonreference v0.0.0-20180127040603-bd5ef7bd5415/go.mod h1:GwrjFmJcFw6At/Gs6z4yjiIwzuJ1/+UwLxMQDVQXShQ=
github.com/xeipuuv/gojsonschema v1.2.0 h1:LhYJRs+L4fBtjZUfuSZIKGeVu0QRy8e5Xi7D17UxZ74=
github.com/xeipuuv/gojsonschema v1.2.0/go.mod h1:anYRn/JVcOK2ZgGU+IjEV4nwlhoK5sQluxsYJ78Id3Y=
github.com/zeebo/assert v1.3.0 h1:g7C04CbJuIDKNPFHmsk4hwZDO5O+kntRxzaUoNXj+IQ=
github.com/zeebo/assert v1.3.0/go.mod h1:Pq9JiuJQpG8JLJdtkwrJESF0Foym2/D9XMU5ciN/wJ0=
github.com/zeebo/xxh3 v1.0.2 h1:xZmwmqxHZA8AI603jOQ0tMqmBr9lPeFwGg6d+xy9DC0=
github.com/zeebo/xxh3 v1.0.2/go.mod h1:5NWz9Sef7zIDm2JHfFlcQvNekmcEl9ekUZQQKCYaDcA=
go.opentelemetry.io/auto/sdk v1.2.1 h1:jXsnJ4Lmnqd11kwkBV2LgLoFMZKizbCi5fNZ/ipaZ64=
go.opentelemetry.io/auto/sdk v1.2.1/go.mod h1:KRTj+aOaElaLi+wW1kO/DZRXwkF4C5xPbEe3ZiIhN7Y=
go.opentelemetry.io/otel v1.38.0 h1:RkfdswUDRimDg0m2Az18RKOsnI8UDzppJAtj01/Ymk8=
go.opentelemetry.io/otel v1.38.0/go.mod h1:zcmtmQ1+YmQM9wrNsTGV/q/uyusom3P8RxwExxkZhjM=
go.opentelemetry.io/otel/metric v1.38.0 h1:Kl6lzIYGAh5M159u9NgiRkmoMKjvbsKtYRwgfrA6WpA=
go.opentelemetry.io/otel/metric v1.38.0/go.mod h1:kB5n/QoRM8YwmUahxvI3bO34eVtQf2i4utNVLr9gEmI=
go.opentelemetry.io/otel/sdk v1.37.0 h1:ItB0QUqnjesGRvNcmAcU0LyvkVyGJ2xftD29bWdDvKI=
go.opentelemetry.io/otel/sdk v1.37.0/go.mod h1:VredYzxUvuo2q3WRcDnKDjbdvmO0sCzOvVAiY+yUkAg=
go.opentelemetry.io/otel/sdk/metric v1.37.0 h1:90lI228XrB9jCMuSdA0673aubgRobVZFhbjxHHspCPc=
go.opentelemetry.io/otel/sdk/metric v1.37.0/go.mod h1:cNen4ZWfiD37l5NhS+Keb5RXVWZWpRE+9WyVCpbo5ps=
go.opentelemetry.io/otel/trace v1.38.0 h1:Fxk5bKrDZJUH+AMyyIXGcFAPah0oRcT+LuNtJrmcNLE=
go.opentelemetry.io/otel/trace v1.38.0/go.mod h1:j1P9ivuFsTceSWe1oY+EeW3sc+Pp42sO++GHkg4wwhs=
go.uber.org/goleak v1.3.0 h1:2K3zAYmnTNqV73imy9J1T3WC+gmCePx2hEGkimedGto=
go.uber.org/goleak v1.3.0/go.mod h1:CoHD4mav9JJNrW/WLlf7HGZPjdw8EucARQHekz1X6bE=
go.uber.org/mock v0.6.0 h1:hyF9dfmbgIX5EfOdasqLsWD6xqpNZlXblLB/Dbnwv3Y=
go.uber.org/mock v0.6.0/go.mod h1:KiVJ4BqZJaMj4svdfmHM0AUx4NJYO8ZNpPnZn1Z+BBU=
go.uber.org/multierr v1.11.0 h1:blXXJkSxSSfBVBlC76pxqeO+LN3aDfLQo+309xJstO0=
go.uber.org/multierr v1.11.0/go.mod h1:20+QtiLqy0Nd6FdQB9TLXag12DsQkrbs3htMFfDN80Y=
go.uber.org/zap v1.27.0 h1:aJMhYGrd5QSmlpLMr2MftRKl7t8J8PTZPA732ud/XR8=
go.uber.org/zap v1.27.0/go.mod h1:GB2qFLM7cTU87MWRP2mPIjqfIDnGu+VIO4V/SdhGo2E=
golang.org/x/exp v0.0.0-20251017212417-90e834f514db h1:by6IehL4BH5k3e3SJmcoNbOobMey2SLpAF79iPOEBvw=
golang.org/x/exp v0.0.0-20251017212417-90e834f514db/go.mod h1:j/pmGrbnkbPtQfxEe5D0VQhZC6qKbfKifgD0oM7sR70=
golang.org/x/mod v0.29.0 h1:HV8lRxZC4l2cr3Zq1LvtOsi/ThTgWnUk/y64QSs8GwA=
golang.org/x/mod v0.29.0/go.mod h1:NyhrlYXJ2H4eJiRy/WDBO6HMqZQ6q9nk4JzS3NuCK+w=
golang.org/x/net v0.46.0 h1:giFlY12I07fugqwPuWJi68oOnpfqFnJIJzaIIm2JVV4=
golang.org/x/net v0.46.0/go.mod h1:Q9BGdFy1y4nkUwiLvT5qtyhAnEHgnQ/zd8PfU6nc210=
golang.org/x/sync v0.17.0 h1:l60nONMj9l5drqw6jlhIELNv9I0A4OFgRsG9k2oT9Ug=
golang.org/x/sync v0.17.0/go.mod h1:9KTHXmSnoGruLpwFjVSX0lNNA75CykiMECbovNTZqGI=
golang.org/x/sys v0.37.0 h1:fdNQudmxPjkdUTPnLn5mdQv7Zwvbvpaxqs831goi9kQ=
golang.org/x/sys v0.37.0/go.mod h1:OgkHotnGiDImocRcuBABYBEXf8A9a87e/uXjp9XT3ks=
golang.org/x/text v0.30.0 h1:yznKA/E9zq54KzlzBEAWn1NXSQ8DIp/NYMy88xJjl4k=
golang.org/x/text v0.30.0/go.mod h1:yDdHFIX9t+tORqspjENWgzaCVXgk0yYnYuSZ8UzzBVM=
gonum.org/v1/gonum v0.16.0 h1:5+ul4Swaf3ESvrOnidPp4GZbzf0mxVQpDCYUQE7OJfk=
gonum.org/v1/gonum v0.16.0/go.mod h1:fef3am4MQ93R2HHpKnLk4/Tbh/s0+wqD5nfa6Pnwy4E=
google.golang.org/genproto/googleapis/rpc v0.0.0-20251014184007-4626949a642f h1:1FTH6cpXFsENbPR5Bu8NQddPSaUUE6NA2XdZdDSAJK4=
google.golang.org/genproto/googleapis/rpc v0.0.0-20251014184007-4626949a642f/go.mod h1:7i2o+ce6H/6BluujYR+kqX3GKH+dChPTQU19wjRPiGk=
google.golang.org/grpc v1.76.0 h1:UnVkv1+uMLYXoIz6o7chp59WfQUYA2ex/BXQ9rHZu7A=
google.golang.org/grpc v1.76.0/go.mod h1:Ju12QI8M6iQJtbcsV+awF5a4hfJMLi4X0JLo94ULZ6c=
google.golang.org/protobuf v1.36.10 h1:AYd7cD/uASjIL6Q9LiTjz8JLcrh/88q5UObnmY3aOOE=
google.golang.org/protobuf v1.36.10/go.mod h1:HTf+CrKn2C3g5S8VImy6tdcUvCska2kB7j23XfzDpco=
gopkg.in/check.v1 v0.0.0-20161208181325-20d25e280405/go.mod h1:Co6ibVJAznAaIkqp8huTwlJQCZ016jof/cbN4VW5Yz0=
gopkg.in/check.v1 v1.0.0-20201130134442-10cb98267c6c h1:Hei/4ADfdWqJk1ZMxUNpqntNwaWcugrBjAiHlqqRiVk=
gopkg.in/check.v1 v1.0.0-20201130134442-10cb98267c6c/go.mod h1:JHkPIbrfpd72SG/EVd6muEfDQjcINNoR0C8j2r3qZ4Q=
gopkg.in/yaml.v3 v3.0.1 h1:fxVm/GzAzEWqLHuvctI91KS9hhNmmWOoWu0XTYJS7CA=
gopkg.in/yaml.v3 v3.0.1/go.mod h1:K4uyk7z7BCEPqu6E+C64Yfv1cQ7kz7rIZviUmN+EgEM=
