buf.build/gen/go/open-feature/flagd/connectrpc/go v1.18.1-20250127221518-be6d1143b690.1 h1:BIA4nkcwwyl0zPZ4vutd5Mn+VeLOV756RmvbQbfnb9g=
buf.build/gen/go/open-feature/flagd/connectrpc/go v1.18.1-20250127221518-be6d1143b690.1/go.mod h1:BSerK2QrH0wQdgiFP6fKevMB4QXotvyXUfmE6mExwHY=
buf.build/gen/go/open-feature/flagd/grpc/go v1.5.1-20250529171031-ebdc14163473.2 h1:TZ+7u106u7C7lgNctxG03ABliF46eLhcIZG5Mdo67/E=
buf.build/gen/go/open-feature/flagd/grpc/go v1.5.1-20250529171031-ebdc14163473.2/go.mod h1:4u0WLwfkLob3dC/F8qNctqhtiEv2Mlyi8YgCDDzgYDs=
buf.build/gen/go/open-feature/flagd/protocolbuffers/go v1.36.6-20250529171031-ebdc14163473.1 h1:LdC4xAuUaNdduzQr5VvhjsgrCfpW9IYxYsjyCF0ANs0=
buf.build/gen/go/open-feature/flagd/protocolbuffers/go v1.36.6-20250529171031-ebdc14163473.1/go.mod h1:cCQ49+ttXE2MZ/ciRNb0tCG+F3kj2ZVbP+0/psbhrLY=
connectrpc.com/connect v1.18.1 h1:PAg7CjSAGvscaf6YZKUefjoih5Z/qYkyaTrBW8xvYPw=
connectrpc.com/connect v1.18.1/go.mod h1:0292hj1rnx8oFrStN7cB4jjVBeqs+Yx5yDIC2prWDO8=
connectrpc.com/otelconnect v0.7.2 h1:WlnwFzaW64dN06JXU+hREPUGeEzpz3Acz2ACOmN8cMI=
connectrpc.com/otelconnect v0.7.2/go.mod h1:JS7XUKfuJs2adhCnXhNHPHLz6oAaZniCJdSF00OZSew=
github.com/barkimedes/go-deepcopy v0.0.0-20220514131651-17c30cfc62df h1:GSoSVRLoBaFpOOds6QyY1L8AX7uoY+Ln3BHc22W40X0=
github.com/barkimedes/go-deepcopy v0.0.0-20220514131651-17c30cfc62df/go.mod h1:hiVxq5OP2bUGBRNS3Z/bt/reCLFNbdcST6gISi1fiOM=
github.com/davecgh/go-spew v1.1.2-0.20180830191138-d8f796af33cc h1:U9qPSI2PIWSS1VwoXQT9A3Wy9MM3WgvqSxFWenqJduM=
github.com/davecgh/go-spew v1.1.2-0.20180830191138-d8f796af33cc/go.mod h1:J7Y8YcW2NihsgmVo/mv3lAwl/skON4iLHjSsI+c5H38=
github.com/diegoholiveira/jsonlogic/v3 v3.8.4 h1:IVVU/VLz2hn10ImbmibjiUkdVsSFIB1vfDaOVsaipH4=
github.com/diegoholiveira/jsonlogic/v3 v3.8.4/go.mod h1:OYRb6FSTVmMM+MNQ7ElmMsczyNSepw+OU4Z8emDSi4w=
github.com/dlclark/regexp2 v1.11.0 h1:G/nrcoOa7ZXlpoa/91N3X7mM3r8eIlMBBJZvsz/mxKI=
github.com/dlclark/regexp2 v1.11.0/go.mod h1:DHkYz0B9wPfa6wondMfaivmHpzrQ3v9q8cnmRbL6yW8=
github.com/fsnotify/fsnotify v1.9.0 h1:2Ml+OJNzbYCTzsxtv8vKSFD9PbJjmhYF14k/jKC7S9k=
github.com/fsnotify/fsnotify v1.9.0/go.mod h1:8jBTzvmWwFyi3Pb8djgCCO5IBqzKJ/Jwo8TRcHyHii0=
github.com/go-logr/logr v1.2.2/go.mod h1:jdQByPbusPIv2/zmleS9BjJVeZ6kBagPoEUsqbVz/1A=
github.com/go-logr/logr v1.4.3 h1:CjnDlHq8ikf6E492q6eKboGOC0T8CDaOvkHCIg8idEI=
github.com/go-logr/logr v1.4.3/go.mod h1:9T104GzyrTigFIr8wt5mBrctHMim0Nb2HLGrmQ40KvY=
github.com/go-logr/stdr v1.2.2 h1:hSWxHoqTgW2S2qGc0LTAI563KZ5YKYRhT3MFKZMbjag=
github.com/go-logr/stdr v1.2.2/go.mod h1:mMo/vtBO5dYbehREoey6XUKy/eSumjCCveDpRre4VKE=
github.com/golang/protobuf v1.5.4 h1:i7eJL8qZTpSEXOPTxNKhASYpMn+8e5Q6AdndVa1dWek=
github.com/golang/protobuf v1.5.4/go.mod h1:lnTiLA8Wa4RWRcIUkrtSVa5nRhsEGBg48fD6rSs7xps=
github.com/google/go-cmp v0.7.0 h1:wk8382ETsv4JYUZwIsn6YpYiWiBsYLSJiTsyBybVuN8=
github.com/google/go-cmp v0.7.0/go.mod h1:pXiqmnSA92OHEEa9HXL2W4E7lf9JzCmGVUdgjX3N/iU=
github.com/google/uuid v1.6.0 h1:NIvaJDMOsjHA8n1jAhLSgzrAzy1Hgr+hNrb57e+94F0=
github.com/google/uuid v1.6.0/go.mod h1:TIyPZe4MgqvfeYDBFedMoGGpEw/LqOeaOT+nhxU+yHo=
github.com/hashicorp/go-immutable-radix v1.3.1 h1:DKHmCUm2hRBK510BaiZlwvpD40f8bJFeZnpfm2KLowc=
github.com/hashicorp/go-immutable-radix v1.3.1/go.mod h1:0y9vanUI8NX6FsYoO3zeMjhV/C5i9g4Q3DwcSNZ4P60=
github.com/hashicorp/go-memdb v1.3.5 h1:b3taDMxCBCBVgyRrS1AZVHO14ubMYZB++QpNhBg+Nyo=
github.com/hashicorp/go-memdb v1.3.5/go.mod h1:8IVKKBkVe+fxFgdFOYxzQQNjz+sWCyHCdIC/+5+Vy1Y=
github.com/hashicorp/go-uuid v1.0.0/go.mod h1:6SBZvOh/SIDV7/2o3Jml5SYk/TvGqwFJ/bN7x4byOro=
github.com/hashicorp/go-uuid v1.0.2 h1:cfejS+Tpcp13yd5nYHWDI6qVCny6wyX2Mt5SGur2IGE=
github.com/hashicorp/go-uuid v1.0.2/go.mod h1:6SBZvOh/SIDV7/2o3Jml5SYk/TvGqwFJ/bN7x4byOro=
github.com/hashicorp/golang-lru v0.5.0/go.mod h1:/m3WP610KZHVQ1SGc6re/UDhFvYD7pJ4Ao+sR/qLZy8=
github.com/hashicorp/golang-lru v0.5.4/go.mod h1:iADmTwqILo4mZ8BN3D2Q6+9jd8WM5uGBxy+E8yxSoD4=
github.com/hashicorp/golang-lru v1.0.2 h1:dV3g9Z/unq5DpblPpw+Oqcv4dU/1omnb4Ok8iPY6p1c=
github.com/hashicorp/golang-lru v1.0.2/go.mod h1:iADmTwqILo4mZ8BN3D2Q6+9jd8WM5uGBxy+E8yxSoD4=
github.com/hashicorp/golang-lru/v2 v2.0.7 h1:a+bsQ5rvGLjzHuww6tVxozPZFVghXaHOwFs4luLUK2k=
github.com/hashicorp/golang-lru/v2 v2.0.7/go.mod h1:QeFd9opnmA6QUJc5vARoKUSoFhyfM2/ZepoAG6RGpeM=
github.com/kr/pretty v0.3.1 h1:flRD4NNwYAUpkphVc1HcthR4KEIFJ65n8Mw5qdRn3LE=
github.com/kr/pretty v0.3.1/go.mod h1:hoEshYVHaxMs3cyo3Yncou5ZscifuDolrwPKZanG3xk=
github.com/kr/text v0.2.0 h1:5Nx0Ya0ZqY2ygV366QzturHI13Jq95ApcVaJBhpS+AY=
github.com/kr/text v0.2.0/go.mod h1:eLer722TekiGuMkidMxC/pM04lWEeraHUUmBw8l2grE=
github.com/open-feature/flagd-schemas v0.2.13 h1:LzoyQfirfpR8cxI4PKnoFRtpwPjpC/cOO8N0n8dpbRc=
github.com/open-feature/flagd-schemas v0.2.13/go.mod h1:C0jnJ4C3j2LzGuqKgLDdTsdfKEWQp6sOHZyxu3QohFU=
github.com/open-feature/flagd/core v0.13.2 h1:s1WHrAYmxX65iG/9UX+RVT4VaDBqoGui6wHKLYmmVEk=
github.com/open-feature/flagd/core v0.13.2/go.mod h1:DIt7X93nGyVcwNuPlB9W/cSw9hdpA/42bw26BzctfVw=
github.com/open-feature/go-sdk v1.17.0 h1:/OUBBw5d9D61JaNZZxb2Nnr5/EJrEpjtKCTY3rspJQk=
github.com/open-feature/go-sdk v1.17.0/go.mod h1:lPxPSu1UnZ4E3dCxZi5gV3et2ACi8O8P+zsTGVsDZUw=
github.com/open-feature/go-sdk-contrib/providers/flagd v0.3.0 h1:WWOe6ym+lPWcc32FHyXCSEeSl/ghkl6mnOh+J9lwbo8=
github.com/open-feature/go-sdk-contrib/providers/flagd v0.3.0/go.mod h1:7qNKNDUWPtghLf8DguzobRL8D8pMsjnp657+/NTql9U=
github.com/pmezard/go-difflib v1.0.1-0.20181226105442-5d4384ee4fb2 h1:Jamvg5psRIccs7FGNTlIRMkT8wgtp5eCXdBlqhYGL6U=
github.com/pmezard/go-difflib v1.0.1-0.20181226105442-5d4384ee4fb2/go.mod h1:iKH77koFhYxTK1pcRnkKkqfTogsbg7gZNVY4sRDYZ/4=
github.com/rogpeppe/go-internal v1.13.1 h1:KvO1DLK/DRN07sQ1LQKScxyZJuNnedQ5/wKSR38lUII=
github.com/rogpeppe/go-internal v1.13.1/go.mod h1:uMEvuHeurkdAXX61udpOXGD/AzZDWNMNyH2VO9fmH0o=
github.com/santhosh-tekuri/jsonschema/v6 v6.0.2 h1:KRzFb2m7YtdldCEkzs6KqmJw4nqEVZGK7IN2kJkjTuQ=
github.com/santhosh-tekuri/jsonschema/v6 v6.0.2/go.mod h1:JXeL+ps8p7/KNMjDQk3TCwPpBy0wYklyWTfbkIzdIFU=
github.com/stretchr/testify v1.11.1 h1:7s2iGBzp5EwR7/aIZr8ao5+dra3wiQyKjjFuvgVKu7U=
github.com/stretchr/testify v1.11.1/go.mod h1:wZwfW3scLgRK+23gO65QZefKpKQRnfz6sD981Nm4B6U=
github.com/twmb/murmur3 v1.1.8 h1:8Yt9taO/WN3l08xErzjeschgZU2QSrwm1kclYq+0aRg=
github.com/twmb/murmur3 v1.1.8/go.mod h1:Qq/R7NUyOfr65zD+6Q5IHKsJLwP7exErjN6lyyq3OSQ=
go.opentelemetry.io/auto/sdk v1.1.0 h1:cH53jehLUN6UFLY71z+NDOiNJqDdPRaXzTel0sJySYA=
go.opentelemetry.io/auto/sdk v1.1.0/go.mod h1:3wSPjt5PWp2RhlCcmmOial7AvC4DQqZb7a7wCow3W8A=
go.opentelemetry.io/otel v1.38.0 h1:RkfdswUDRimDg0m2Az18RKOsnI8UDzppJAtj01/Ymk8=
go.opentelemetry.io/otel v1.38.0/go.mod h1:zcmtmQ1+YmQM9wrNsTGV/q/uyusom3P8RxwExxkZhjM=
go.opentelemetry.io/otel/metric v1.38.0 h1:Kl6lzIYGAh5M159u9NgiRkmoMKjvbsKtYRwgfrA6WpA=
go.opentelemetry.io/otel/metric v1.38.0/go.mod h1:kB5n/QoRM8YwmUahxvI3bO34eVtQf2i4utNVLr9gEmI=
go.opentelemetry.io/otel/sdk v1.38.0 h1:l48sr5YbNf2hpCUj/FoGhW9yDkl+Ma+LrVl8qaM5b+E=
go.opentelemetry.io/otel/sdk v1.38.0/go.mod h1:ghmNdGlVemJI3+ZB5iDEuk4bWA3GkTpW+DOoZMYBVVg=
go.opentelemetry.io/otel/sdk/metric v1.38.0 h1:aSH66iL0aZqo//xXzQLYozmWrXxyFkBJ6qT5wthqPoM=
go.opentelemetry.io/otel/sdk/metric v1.38.0/go.mod h1:dg9PBnW9XdQ1Hd6ZnRz689CbtrUp0wMMs9iPcgT9EZA=
go.opentelemetry.io/otel/trace v1.38.0 h1:Fxk5bKrDZJUH+AMyyIXGcFAPah0oRcT+LuNtJrmcNLE=
go.opentelemetry.io/otel/trace v1.38.0/go.mod h1:j1P9ivuFsTceSWe1oY+EeW3sc+Pp42sO++GHkg4wwhs=
go.uber.org/goleak v1.3.0 h1:2K3zAYmnTNqV73imy9J1T3WC+gmCePx2hEGkimedGto=
go.uber.org/goleak v1.3.0/go.mod h1:CoHD4mav9JJNrW/WLlf7HGZPjdw8EucARQHekz1X6bE=
go.uber.org/mock v0.6.0 h1:hyF9dfmbgIX5EfOdasqLsWD6xqpNZlXblLB/Dbnwv3Y=
go.uber.org/mock v0.6.0/go.mod h1:KiVJ4BqZJaMj4svdfmHM0AUx4NJYO8ZNpPnZn1Z+BBU=
go.uber.org/multierr v1.11.0 h1:blXXJkSxSSfBVBlC76pxqeO+LN3aDfLQo+309xJstO0=
go.uber.org/multierr v1.11.0/go.mod h1:20+QtiLqy0Nd6FdQB9TLXag12DsQkrbs3htMFfDN80Y=
go.uber.org/zap v1.27.0 h1:aJMhYGrd5QSmlpLMr2MftRKl7t8J8PTZPA732ud/XR8=
go.uber.org/zap v1.27.0/go.mod h1:GB2qFLM7cTU87MWRP2mPIjqfIDnGu+VIO4V/SdhGo2E=
golang.org/x/exp v0.0.0-20250408133849-7e4ce0ab07d0 h1:R84qjqJb5nVJMxqWYb3np9L5ZsaDtB+a39EqjV0JSUM=
golang.org/x/exp v0.0.0-20250408133849-7e4ce0ab07d0/go.mod h1:S9Xr4PYopiDyqSyp5NjCrhFrqg6A5zA2E/iPHPhqnS8=
golang.org/x/mod v0.29.0 h1:HV8lRxZC4l2cr3Zq1LvtOsi/ThTgWnUk/y64QSs8GwA=
golang.org/x/mod v0.29.0/go.mod h1:NyhrlYXJ2H4eJiRy/WDBO6HMqZQ6q9nk4JzS3NuCK+w=
golang.org/x/net v0.47.0 h1:Mx+4dIFzqraBXUugkia1OOvlD6LemFo1ALMHjrXDOhY=
golang.org/x/net v0.47.0/go.mod h1:/jNxtkgq5yWUGYkaZGqo27cfGZ1c5Nen03aYrrKpVRU=
golang.org/x/sync v0.18.0 h1:kr88TuHDroi+UVf+0hZnirlk8o8T+4MrK6mr60WkH/I=
golang.org/x/sync v0.18.0/go.mod h1:9KTHXmSnoGruLpwFjVSX0lNNA75CykiMECbovNTZqGI=
golang.org/x/sys v0.38.0 h1:3yZWxaJjBmCWXqhN1qh02AkOnCQ1poK6oF+a7xWL6Gc=
golang.org/x/sys v0.38.0/go.mod h1:OgkHotnGiDImocRcuBABYBEXf8A9a87e/uXjp9XT3ks=
golang.org/x/text v0.31.0 h1:aC8ghyu4JhP8VojJ2lEHBnochRno1sgL6nEi9WGFGMM=
golang.org/x/text v0.31.0/go.mod h1:tKRAlv61yKIjGGHX/4tP1LTbc13YSec1pxVEWXzfoeM=
gonum.org/v1/gonum v0.16.0 h1:5+ul4Swaf3ESvrOnidPp4GZbzf0mxVQpDCYUQE7OJfk=
gonum.org/v1/gonum v0.16.0/go.mod h1:fef3am4MQ93R2HHpKnLk4/Tbh/s0+wqD5nfa6Pnwy4E=
google.golang.org/genproto/googleapis/rpc v0.0.0-20250825161204-c5933d9347a5 h1:eaY8u2EuxbRv7c3NiGK0/NedzVsCcV6hDuU5qPX5EGE=
google.golang.org/genproto/googleapis/rpc v0.0.0-20250825161204-c5933d9347a5/go.mod h1:M4/wBTSeyLxupu3W3tJtOgB14jILAS/XWPSSa3TAlJc=
google.golang.org/grpc v1.75.0 h1:+TW+dqTd2Biwe6KKfhE5JpiYIBWq865PhKGSXiivqt4=
google.golang.org/grpc v1.75.0/go.mod h1:JtPAzKiq4v1xcAB2hydNlWI2RnF85XXcV0mhKXr2ecQ=
google.golang.org/protobuf v1.36.8 h1:xHScyCOEuuwZEc6UtSOvPbAT4zRh0xcNRYekJwfqyMc=
google.golang.org/protobuf v1.36.8/go.mod h1:fuxRtAxBytpl4zzqUh6/eyUujkJdNiuEkXntxiD/uRU=
gopkg.in/check.v1 v0.0.0-20161208181325-20d25e280405/go.mod h1:Co6ibVJAznAaIkqp8huTwlJQCZ016jof/cbN4VW5Yz0=
gopkg.in/check.v1 v1.0.0-20201130134442-10cb98267c6c h1:Hei/4ADfdWqJk1ZMxUNpqntNwaWcugrBjAiHlqqRiVk=
gopkg.in/check.v1 v1.0.0-20201130134442-10cb98267c6c/go.mod h1:JHkPIbrfpd72SG/EVd6muEfDQjcINNoR0C8j2r3qZ4Q=
gopkg.in/yaml.v3 v3.0.1 h1:fxVm/GzAzEWqLHuvctI91KS9hhNmmWOoWu0XTYJS7CA=
gopkg.in/yaml.v3 v3.0.1/go.mod h1:K4uyk7z7BCEPqu6E+C64Yfv1cQ7kz7rIZviUmN+EgEM=
